{
  "requires": true,
  "lockfileVersion": 1,
  "dependencies": {
    "sweetalert2": {
      "version": "11.1.0",
      "resolved": "https://registry.npmjs.org/sweetalert2/-/sweetalert2-11.1.0.tgz",
      "integrity": "sha512-gZKO1G7u/0Bu89CZ48AfYAecqRhz9Jp58BrBhuJYoaS/oaquLUuwmx3wrxiLaZhB5FDQlETPVt7OokJIHReJgQ=="
    }
  }
}
